// !$*UTF8*$!
{
	archiveVersion = 1;
	classes = {
	};
	objectVersion = 56;
	objects = {

/* Begin PBXBuildFile section */
		196DA5AF2AC1C61F007960F9 /* MovieFinderApp.swift in Sources */ = {isa = PBXBuildFile; fileRef = 196DA5AE2AC1C61F007960F9 /* MovieFinderApp.swift */; };
		196DA5B32AC1C620007960F9 /* Assets.xcassets in Resources */ = {isa = PBXBuildFile; fileRef = 196DA5B22AC1C620007960F9 /* Assets.xcassets */; };
		196DA5B62AC1C620007960F9 /* Preview Assets.xcassets in Resources */ = {isa = PBXBuildFile; fileRef = 196DA5B52AC1C620007960F9 /* Preview Assets.xcassets */; };
		196DA5C02AC1C620007960F9 /* MovieFinderTests.swift in Sources */ = {isa = PBXBuildFile; fileRef = 196DA5BF2AC1C620007960F9 /* MovieFinderTests.swift */; };
		196DA5CA2AC1C620007960F9 /* MovieFinderUITests.swift in Sources */ = {isa = PBXBuildFile; fileRef = 196DA5C92AC1C620007960F9 /* MovieFinderUITests.swift */; };
		196DA5CC2AC1C620007960F9 /* MovieFinderUITestsLaunchTests.swift in Sources */ = {isa = PBXBuildFile; fileRef = 196DA5CB2AC1C620007960F9 /* MovieFinderUITestsLaunchTests.swift */; };
		196DA5DB2AC1C66A007960F9 /* TMDb in Frameworks */ = {isa = PBXBuildFile; productRef = 196DA5DA2AC1C66A007960F9 /* TMDb */; };
		196DA5DE2AC1C6D3007960F9 /* MovieAPI.swift in Sources */ = {isa = PBXBuildFile; fileRef = 196DA5DD2AC1C6D3007960F9 /* MovieAPI.swift */; };
		196DA5E02AC1C70A007960F9 /* TMDbAdapter.swift in Sources */ = {isa = PBXBuildFile; fileRef = 196DA5DF2AC1C70A007960F9 /* TMDbAdapter.swift */; };
		196DA5E22AC1CA92007960F9 /* Home.swift in Sources */ = {isa = PBXBuildFile; fileRef = 196DA5E12AC1CA92007960F9 /* Home.swift */; };
		196DA5E52AC1DAEB007960F9 /* Movie.swift in Sources */ = {isa = PBXBuildFile; fileRef = 196DA5E42AC1DAEB007960F9 /* Movie.swift */; };
		196DA5E72AC1DF92007960F9 /* MovieCell.swift in Sources */ = {isa = PBXBuildFile; fileRef = 196DA5E62AC1DF92007960F9 /* MovieCell.swift */; };
		198D957F2AC208900068A35E /* BarView.swift in Sources */ = {isa = PBXBuildFile; fileRef = 198D957E2AC208900068A35E /* BarView.swift */; };
		198D958B2AC219F40068A35E /* OffsetModifier.swift in Sources */ = {isa = PBXBuildFile; fileRef = 198D958A2AC219F40068A35E /* OffsetModifier.swift */; };
		198D958C2AC219F40068A35E /* MovieDetail.swift in Sources */ = {isa = PBXBuildFile; fileRef = 198D95892AC219F40068A35E /* MovieDetail.swift */; };
		198D95912AC22AF10068A35E /* Color+Extensions.swift in Sources */ = {isa = PBXBuildFile; fileRef = 198D95902AC22AF10068A35E /* Color+Extensions.swift */; };
		198D95952AC233C80068A35E /* ItemLoader.swift in Sources */ = {isa = PBXBuildFile; fileRef = 198D95942AC233C80068A35E /* ItemLoader.swift */; };
		198D95972AC235B30068A35E /* LoadingErrorView.swift in Sources */ = {isa = PBXBuildFile; fileRef = 198D95962AC235B30068A35E /* LoadingErrorView.swift */; };
		198D959C2AC238F80068A35E /* CachedAsyncImage in Frameworks */ = {isa = PBXBuildFile; productRef = 198D959B2AC238F80068A35E /* CachedAsyncImage */; };
		198D95A72AC3017D0068A35E /* Factory in Frameworks */ = {isa = PBXBuildFile; productRef = 198D95A62AC3017D0068A35E /* Factory */; };
		198D95A92AC301980068A35E /* Factory+Extensions.swift in Sources */ = {isa = PBXBuildFile; fileRef = 198D95A82AC301980068A35E /* Factory+Extensions.swift */; };
		198D95AB2AC306FA0068A35E /* ReviewModel.swift in Sources */ = {isa = PBXBuildFile; fileRef = 198D95AA2AC306FA0068A35E /* ReviewModel.swift */; };
		198D95AD2AC309E00068A35E /* FavoritesService.swift in Sources */ = {isa = PBXBuildFile; fileRef = 198D95AC2AC309E00068A35E /* FavoritesService.swift */; };
		198D95AF2AC3401B0068A35E /* FavoritesViewModel.swift in Sources */ = {isa = PBXBuildFile; fileRef = 198D95AE2AC3401B0068A35E /* FavoritesViewModel.swift */; };
		19C7D0832AC1F20B0006E959 /* SkeletonUI in Frameworks */ = {isa = PBXBuildFile; productRef = 19C7D0822AC1F20B0006E959 /* SkeletonUI */; };
		19CFF7572B701BDD002FFB0D /* APIKey.json in Resources */ = {isa = PBXBuildFile; fileRef = 19CFF7562B701BDD002FFB0D /* APIKey.json */; };
		19D99C2F2AC1F5B20099EE0C /* DetailSections.swift in Sources */ = {isa = PBXBuildFile; fileRef = 19D99C2E2AC1F5B20099EE0C /* DetailSections.swift */; };
		19D99C412AC1FA0C0099EE0C /* TestNational2Compressed-Regular.otf in Resources */ = {isa = PBXBuildFile; fileRef = 19D99C312AC1FA0B0099EE0C /* TestNational2Compressed-Regular.otf */; };
		19D99C422AC1FA0C0099EE0C /* TestNational2Compressed-ExtraboldItalic.otf in Resources */ = {isa = PBXBuildFile; fileRef = 19D99C322AC1FA0B0099EE0C /* TestNational2Compressed-ExtraboldItalic.otf */; };
		19D99C432AC1FA0C0099EE0C /* TestNational2Compressed-ThinItalic.otf in Resources */ = {isa = PBXBuildFile; fileRef = 19D99C332AC1FA0B0099EE0C /* TestNational2Compressed-ThinItalic.otf */; };
		19D99C442AC1FA0C0099EE0C /* TestNational2Compressed-Extralight.otf in Resources */ = {isa = PBXBuildFile; fileRef = 19D99C342AC1FA0B0099EE0C /* TestNational2Compressed-Extralight.otf */; };
		19D99C452AC1FA0C0099EE0C /* TestNational2Compressed-RegularItalic.otf in Resources */ = {isa = PBXBuildFile; fileRef = 19D99C352AC1FA0B0099EE0C /* TestNational2Compressed-RegularItalic.otf */; };
		19D99C462AC1FA0C0099EE0C /* TestNational2Compressed-BoldItalic.otf in Resources */ = {isa = PBXBuildFile; fileRef = 19D99C362AC1FA0B0099EE0C /* TestNational2Compressed-BoldItalic.otf */; };
		19D99C472AC1FA0C0099EE0C /* TestNational2Compressed-MediumItalic.otf in Resources */ = {isa = PBXBuildFile; fileRef = 19D99C372AC1FA0B0099EE0C /* TestNational2Compressed-MediumItalic.otf */; };
		19D99C482AC1FA0C0099EE0C /* TestNational2Compressed-Light.otf in Resources */ = {isa = PBXBuildFile; fileRef = 19D99C382AC1FA0B0099EE0C /* TestNational2Compressed-Light.otf */; };
		19D99C492AC1FA0C0099EE0C /* TestNational2Compressed-Black.otf in Resources */ = {isa = PBXBuildFile; fileRef = 19D99C392AC1FA0B0099EE0C /* TestNational2Compressed-Black.otf */; };
		19D99C4A2AC1FA0C0099EE0C /* TestNational2Compressed-LightItalic.otf in Resources */ = {isa = PBXBuildFile; fileRef = 19D99C3A2AC1FA0B0099EE0C /* TestNational2Compressed-LightItalic.otf */; };
		19D99C4B2AC1FA0C0099EE0C /* TestNational2Compressed-BlackItalic.otf in Resources */ = {isa = PBXBuildFile; fileRef = 19D99C3B2AC1FA0B0099EE0C /* TestNational2Compressed-BlackItalic.otf */; };
		19D99C4C2AC1FA0C0099EE0C /* TestNational2Compressed-Medium.otf in Resources */ = {isa = PBXBuildFile; fileRef = 19D99C3C2AC1FA0B0099EE0C /* TestNational2Compressed-Medium.otf */; };
		19D99C4D2AC1FA0C0099EE0C /* TestNational2Compressed-Thin.otf in Resources */ = {isa = PBXBuildFile; fileRef = 19D99C3D2AC1FA0B0099EE0C /* TestNational2Compressed-Thin.otf */; };
		19D99C4E2AC1FA0C0099EE0C /* TestNational2Compressed-Extrabold.otf in Resources */ = {isa = PBXBuildFile; fileRef = 19D99C3E2AC1FA0B0099EE0C /* TestNational2Compressed-Extrabold.otf */; };
		19D99C4F2AC1FA0C0099EE0C /* TestNational2Compressed-Bold.otf in Resources */ = {isa = PBXBuildFile; fileRef = 19D99C3F2AC1FA0B0099EE0C /* TestNational2Compressed-Bold.otf */; };
		19D99C502AC1FA0C0099EE0C /* TestNational2Compressed-ExtralightItalic.otf in Resources */ = {isa = PBXBuildFile; fileRef = 19D99C402AC1FA0B0099EE0C /* TestNational2Compressed-ExtralightItalic.otf */; };
/* End PBXBuildFile section */

/* Begin PBXContainerItemProxy section */
		196DA5BC2AC1C620007960F9 /* PBXContainerItemProxy */ = {
			isa = PBXContainerItemProxy;
			containerPortal = 196DA5A32AC1C61F007960F9 /* Project object */;
			proxyType = 1;
			remoteGlobalIDString = 196DA5AA2AC1C61F007960F9;
			remoteInfo = MovieFinder;
		};
		196DA5C62AC1C620007960F9 /* PBXContainerItemProxy */ = {
			isa = PBXContainerItemProxy;
			containerPortal = 196DA5A32AC1C61F007960F9 /* Project object */;
			proxyType = 1;
			remoteGlobalIDString = 196DA5AA2AC1C61F007960F9;
			remoteInfo = MovieFinder;
		};
/* End PBXContainerItemProxy section */

/* Begin PBXFileReference section */
		196DA5AB2AC1C61F007960F9 /* MovieFinder.app */ = {isa = PBXFileReference; explicitFileType = wrapper.application; includeInIndex = 0; path = MovieFinder.app; sourceTree = BUILT_PRODUCTS_DIR; };
		196DA5AE2AC1C61F007960F9 /* MovieFinderApp.swift */ = {isa = PBXFileReference; lastKnownFileType = sourcecode.swift; path = MovieFinderApp.swift; sourceTree = "<group>"; };
		196DA5B22AC1C620007960F9 /* Assets.xcassets */ = {isa = PBXFileReference; lastKnownFileType = folder.assetcatalog; path = Assets.xcassets; sourceTree = "<group>"; };
		196DA5B52AC1C620007960F9 /* Preview Assets.xcassets */ = {isa = PBXFileReference; lastKnownFileType = folder.assetcatalog; path = "Preview Assets.xcassets"; sourceTree = "<group>"; };
		196DA5BB2AC1C620007960F9 /* MovieFinderTests.xctest */ = {isa = PBXFileReference; explicitFileType = wrapper.cfbundle; includeInIndex = 0; path = MovieFinderTests.xctest; sourceTree = BUILT_PRODUCTS_DIR; };
		196DA5BF2AC1C620007960F9 /* MovieFinderTests.swift */ = {isa = PBXFileReference; lastKnownFileType = sourcecode.swift; path = MovieFinderTests.swift; sourceTree = "<group>"; };
		196DA5C52AC1C620007960F9 /* MovieFinderUITests.xctest */ = {isa = PBXFileReference; explicitFileType = wrapper.cfbundle; includeInIndex = 0; path = MovieFinderUITests.xctest; sourceTree = BUILT_PRODUCTS_DIR; };
		196DA5C92AC1C620007960F9 /* MovieFinderUITests.swift */ = {isa = PBXFileReference; lastKnownFileType = sourcecode.swift; path = MovieFinderUITests.swift; sourceTree = "<group>"; };
		196DA5CB2AC1C620007960F9 /* MovieFinderUITestsLaunchTests.swift */ = {isa = PBXFileReference; lastKnownFileType = sourcecode.swift; path = MovieFinderUITestsLaunchTests.swift; sourceTree = "<group>"; };
		196DA5DD2AC1C6D3007960F9 /* MovieAPI.swift */ = {isa = PBXFileReference; lastKnownFileType = sourcecode.swift; path = MovieAPI.swift; sourceTree = "<group>"; };
		196DA5DF2AC1C70A007960F9 /* TMDbAdapter.swift */ = {isa = PBXFileReference; lastKnownFileType = sourcecode.swift; path = TMDbAdapter.swift; sourceTree = "<group>"; };
		196DA5E12AC1CA92007960F9 /* Home.swift */ = {isa = PBXFileReference; lastKnownFileType = sourcecode.swift; path = Home.swift; sourceTree = "<group>"; };
		196DA5E42AC1DAEB007960F9 /* Movie.swift */ = {isa = PBXFileReference; lastKnownFileType = sourcecode.swift; path = Movie.swift; sourceTree = "<group>"; };
		196DA5E62AC1DF92007960F9 /* MovieCell.swift */ = {isa = PBXFileReference; lastKnownFileType = sourcecode.swift; path = MovieCell.swift; sourceTree = "<group>"; };
		198D957E2AC208900068A35E /* BarView.swift */ = {isa = PBXFileReference; lastKnownFileType = sourcecode.swift; path = BarView.swift; sourceTree = "<group>"; };
		198D95892AC219F40068A35E /* MovieDetail.swift */ = {isa = PBXFileReference; lastKnownFileType = sourcecode.swift; path = MovieDetail.swift; sourceTree = "<group>"; };
		198D958A2AC219F40068A35E /* OffsetModifier.swift */ = {isa = PBXFileReference; lastKnownFileType = sourcecode.swift; path = OffsetModifier.swift; sourceTree = "<group>"; };
		198D95902AC22AF10068A35E /* Color+Extensions.swift */ = {isa = PBXFileReference; lastKnownFileType = sourcecode.swift; path = "Color+Extensions.swift"; sourceTree = "<group>"; };
		198D95942AC233C80068A35E /* ItemLoader.swift */ = {isa = PBXFileReference; lastKnownFileType = sourcecode.swift; path = ItemLoader.swift; sourceTree = "<group>"; };
		198D95962AC235B30068A35E /* LoadingErrorView.swift */ = {isa = PBXFileReference; lastKnownFileType = sourcecode.swift; path = LoadingErrorView.swift; sourceTree = "<group>"; };
		198D95A82AC301980068A35E /* Factory+Extensions.swift */ = {isa = PBXFileReference; lastKnownFileType = sourcecode.swift; path = "Factory+Extensions.swift"; sourceTree = "<group>"; };
		198D95AA2AC306FA0068A35E /* ReviewModel.swift */ = {isa = PBXFileReference; lastKnownFileType = sourcecode.swift; path = ReviewModel.swift; sourceTree = "<group>"; };
		198D95AC2AC309E00068A35E /* FavoritesService.swift */ = {isa = PBXFileReference; lastKnownFileType = sourcecode.swift; path = FavoritesService.swift; sourceTree = "<group>"; };
		198D95AE2AC3401B0068A35E /* FavoritesViewModel.swift */ = {isa = PBXFileReference; lastKnownFileType = sourcecode.swift; path = FavoritesViewModel.swift; sourceTree = "<group>"; };
		19CFF7562B701BDD002FFB0D /* APIKey.json */ = {isa = PBXFileReference; lastKnownFileType = text.json; path = APIKey.json; sourceTree = "<group>"; };
		19D99C2E2AC1F5B20099EE0C /* DetailSections.swift */ = {isa = PBXFileReference; lastKnownFileType = sourcecode.swift; path = DetailSections.swift; sourceTree = "<group>"; };
		19D99C312AC1FA0B0099EE0C /* TestNational2Compressed-Regular.otf */ = {isa = PBXFileReference; lastKnownFileType = file; path = "TestNational2Compressed-Regular.otf"; sourceTree = "<group>"; };
		19D99C322AC1FA0B0099EE0C /* TestNational2Compressed-ExtraboldItalic.otf */ = {isa = PBXFileReference; lastKnownFileType = file; path = "TestNational2Compressed-ExtraboldItalic.otf"; sourceTree = "<group>"; };
		19D99C332AC1FA0B0099EE0C /* TestNational2Compressed-ThinItalic.otf */ = {isa = PBXFileReference; lastKnownFileType = file; path = "TestNational2Compressed-ThinItalic.otf"; sourceTree = "<group>"; };
		19D99C342AC1FA0B0099EE0C /* TestNational2Compressed-Extralight.otf */ = {isa = PBXFileReference; lastKnownFileType = file; path = "TestNational2Compressed-Extralight.otf"; sourceTree = "<group>"; };
		19D99C352AC1FA0B0099EE0C /* TestNational2Compressed-RegularItalic.otf */ = {isa = PBXFileReference; lastKnownFileType = file; path = "TestNational2Compressed-RegularItalic.otf"; sourceTree = "<group>"; };
		19D99C362AC1FA0B0099EE0C /* TestNational2Compressed-BoldItalic.otf */ = {isa = PBXFileReference; lastKnownFileType = file; path = "TestNational2Compressed-BoldItalic.otf"; sourceTree = "<group>"; };
		19D99C372AC1FA0B0099EE0C /* TestNational2Compressed-MediumItalic.otf */ = {isa = PBXFileReference; lastKnownFileType = file; path = "TestNational2Compressed-MediumItalic.otf"; sourceTree = "<group>"; };
		19D99C382AC1FA0B0099EE0C /* TestNational2Compressed-Light.otf */ = {isa = PBXFileReference; lastKnownFileType = file; path = "TestNational2Compressed-Light.otf"; sourceTree = "<group>"; };
		19D99C392AC1FA0B0099EE0C /* TestNational2Compressed-Black.otf */ = {isa = PBXFileReference; lastKnownFileType = file; path = "TestNational2Compressed-Black.otf"; sourceTree = "<group>"; };
		19D99C3A2AC1FA0B0099EE0C /* TestNational2Compressed-LightItalic.otf */ = {isa = PBXFileReference; lastKnownFileType = file; path = "TestNational2Compressed-LightItalic.otf"; sourceTree = "<group>"; };
		19D99C3B2AC1FA0B0099EE0C /* TestNational2Compressed-BlackItalic.otf */ = {isa = PBXFileReference; lastKnownFileType = file; path = "TestNational2Compressed-BlackItalic.otf"; sourceTree = "<group>"; };
		19D99C3C2AC1FA0B0099EE0C /* TestNational2Compressed-Medium.otf */ = {isa = PBXFileReference; lastKnownFileType = file; path = "TestNational2Compressed-Medium.otf"; sourceTree = "<group>"; };
		19D99C3D2AC1FA0B0099EE0C /* TestNational2Compressed-Thin.otf */ = {isa = PBXFileReference; lastKnownFileType = file; path = "TestNational2Compressed-Thin.otf"; sourceTree = "<group>"; };
		19D99C3E2AC1FA0B0099EE0C /* TestNational2Compressed-Extrabold.otf */ = {isa = PBXFileReference; lastKnownFileType = file; path = "TestNational2Compressed-Extrabold.otf"; sourceTree = "<group>"; };
		19D99C3F2AC1FA0B0099EE0C /* TestNational2Compressed-Bold.otf */ = {isa = PBXFileReference; lastKnownFileType = file; path = "TestNational2Compressed-Bold.otf"; sourceTree = "<group>"; };
		19D99C402AC1FA0B0099EE0C /* TestNational2Compressed-ExtralightItalic.otf */ = {isa = PBXFileReference; lastKnownFileType = file; path = "TestNational2Compressed-ExtralightItalic.otf"; sourceTree = "<group>"; };
		19D99C512AC1FA540099EE0C /* Info.plist */ = {isa = PBXFileReference; lastKnownFileType = text.plist; path = Info.plist; sourceTree = "<group>"; };
		19D99C522AC1FBA50099EE0C /* TestNational2Compressed-Bold.otf */ = {isa = PBXFileReference; lastKnownFileType = file; path = "TestNational2Compressed-Bold.otf"; sourceTree = "<group>"; };
/* End PBXFileReference section */

/* Begin PBXFrameworksBuildPhase section */
		196DA5A82AC1C61F007960F9 /* Frameworks */ = {
			isa = PBXFrameworksBuildPhase;
			buildActionMask = 2147483647;
			files = (
				198D959C2AC238F80068A35E /* CachedAsyncImage in Frameworks */,
				196DA5DB2AC1C66A007960F9 /* TMDb in Frameworks */,
				19C7D0832AC1F20B0006E959 /* SkeletonUI in Frameworks */,
				198D95A72AC3017D0068A35E /* Factory in Frameworks */,
			);
			runOnlyForDeploymentPostprocessing = 0;
		};
		196DA5B82AC1C620007960F9 /* Frameworks */ = {
			isa = PBXFrameworksBuildPhase;
			buildActionMask = 2147483647;
			files = (
			);
			runOnlyForDeploymentPostprocessing = 0;
		};
		196DA5C22AC1C620007960F9 /* Frameworks */ = {
			isa = PBXFrameworksBuildPhase;
			buildActionMask = 2147483647;
			files = (
			);
			runOnlyForDeploymentPostprocessing = 0;
		};
/* End PBXFrameworksBuildPhase section */

/* Begin PBXGroup section */
		196DA5A22AC1C61F007960F9 = {
			isa = PBXGroup;
			children = (
				196DA5AD2AC1C61F007960F9 /* MovieFinder */,
				196DA5BE2AC1C620007960F9 /* MovieFinderTests */,
				196DA5C82AC1C620007960F9 /* MovieFinderUITests */,
				196DA5AC2AC1C61F007960F9 /* Products */,
			);
			sourceTree = "<group>";
		};
		196DA5AC2AC1C61F007960F9 /* Products */ = {
			isa = PBXGroup;
			children = (
				196DA5AB2AC1C61F007960F9 /* MovieFinder.app */,
				196DA5BB2AC1C620007960F9 /* MovieFinderTests.xctest */,
				196DA5C52AC1C620007960F9 /* MovieFinderUITests.xctest */,
			);
			name = Products;
			sourceTree = "<group>";
		};
		196DA5AD2AC1C61F007960F9 /* MovieFinder */ = {
			isa = PBXGroup;
			children = (
				198D95882AC219F40068A35E /* View */,
				19D99C512AC1FA540099EE0C /* Info.plist */,
				19D99C522AC1FBA50099EE0C /* TestNational2Compressed-Bold.otf */,
				19D99C302AC1FA0B0099EE0C /* Test National 2 Compressed */,
				196DA5E32AC1DAE3007960F9 /* Model */,
				196DA5D82AC1C626007960F9 /* Service */,
				196DA5AE2AC1C61F007960F9 /* MovieFinderApp.swift */,
				196DA5B22AC1C620007960F9 /* Assets.xcassets */,
				196DA5B42AC1C620007960F9 /* Preview Content */,
				198D95902AC22AF10068A35E /* Color+Extensions.swift */,
				198D95A82AC301980068A35E /* Factory+Extensions.swift */,
				19CFF7562B701BDD002FFB0D /* APIKey.json */,
			);
			path = MovieFinder;
			sourceTree = "<group>";
		};
		196DA5B42AC1C620007960F9 /* Preview Content */ = {
			isa = PBXGroup;
			children = (
				196DA5B52AC1C620007960F9 /* Preview Assets.xcassets */,
			);
			path = "Preview Content";
			sourceTree = "<group>";
		};
		196DA5BE2AC1C620007960F9 /* MovieFinderTests */ = {
			isa = PBXGroup;
			children = (
				196DA5BF2AC1C620007960F9 /* MovieFinderTests.swift */,
			);
			path = MovieFinderTests;
			sourceTree = "<group>";
		};
		196DA5C82AC1C620007960F9 /* MovieFinderUITests */ = {
			isa = PBXGroup;
			children = (
				196DA5C92AC1C620007960F9 /* MovieFinderUITests.swift */,
				196DA5CB2AC1C620007960F9 /* MovieFinderUITestsLaunchTests.swift */,
			);
			path = MovieFinderUITests;
			sourceTree = "<group>";
		};
		196DA5D82AC1C626007960F9 /* Service */ = {
			isa = PBXGroup;
			children = (
				196DA5DF2AC1C70A007960F9 /* TMDbAdapter.swift */,
				196DA5DD2AC1C6D3007960F9 /* MovieAPI.swift */,
				198D95AC2AC309E00068A35E /* FavoritesService.swift */,
			);
			path = Service;
			sourceTree = "<group>";
		};
		196DA5E32AC1DAE3007960F9 /* Model */ = {
			isa = PBXGroup;
			children = (
				196DA5E42AC1DAEB007960F9 /* Movie.swift */,
				198D95AA2AC306FA0068A35E /* ReviewModel.swift */,
			);
			path = Model;
			sourceTree = "<group>";
		};
		198D95882AC219F40068A35E /* View */ = {
			isa = PBXGroup;
			children = (
				198D95B02AC353450068A35E /* External */,
				196DA5E12AC1CA92007960F9 /* Home.swift */,
				196DA5E62AC1DF92007960F9 /* MovieCell.swift */,
				19D99C2E2AC1F5B20099EE0C /* DetailSections.swift */,
				198D95AE2AC3401B0068A35E /* FavoritesViewModel.swift */,
				198D957E2AC208900068A35E /* BarView.swift */,
				198D95892AC219F40068A35E /* MovieDetail.swift */,
				198D95962AC235B30068A35E /* LoadingErrorView.swift */,
			);
			path = View;
			sourceTree = "<group>";
		};
		198D95B02AC353450068A35E /* External */ = {
			isa = PBXGroup;
			children = (
				198D958A2AC219F40068A35E /* OffsetModifier.swift */,
				198D95942AC233C80068A35E /* ItemLoader.swift */,
			);
			path = External;
			sourceTree = "<group>";
		};
		19D99C302AC1FA0B0099EE0C /* Test National 2 Compressed */ = {
			isa = PBXGroup;
			children = (
				19D99C312AC1FA0B0099EE0C /* TestNational2Compressed-Regular.otf */,
				19D99C322AC1FA0B0099EE0C /* TestNational2Compressed-ExtraboldItalic.otf */,
				19D99C332AC1FA0B0099EE0C /* TestNational2Compressed-ThinItalic.otf */,
				19D99C342AC1FA0B0099EE0C /* TestNational2Compressed-Extralight.otf */,
				19D99C352AC1FA0B0099EE0C /* TestNational2Compressed-RegularItalic.otf */,
				19D99C362AC1FA0B0099EE0C /* TestNational2Compressed-BoldItalic.otf */,
				19D99C372AC1FA0B0099EE0C /* TestNational2Compressed-MediumItalic.otf */,
				19D99C382AC1FA0B0099EE0C /* TestNational2Compressed-Light.otf */,
				19D99C392AC1FA0B0099EE0C /* TestNational2Compressed-Black.otf */,
				19D99C3A2AC1FA0B0099EE0C /* TestNational2Compressed-LightItalic.otf */,
				19D99C3B2AC1FA0B0099EE0C /* TestNational2Compressed-BlackItalic.otf */,
				19D99C3C2AC1FA0B0099EE0C /* TestNational2Compressed-Medium.otf */,
				19D99C3D2AC1FA0B0099EE0C /* TestNational2Compressed-Thin.otf */,
				19D99C3E2AC1FA0B0099EE0C /* TestNational2Compressed-Extrabold.otf */,
				19D99C3F2AC1FA0B0099EE0C /* TestNational2Compressed-Bold.otf */,
				19D99C402AC1FA0B0099EE0C /* TestNational2Compressed-ExtralightItalic.otf */,
			);
			name = "Test National 2 Compressed";
			path = "../../../../../../Downloads/KlimTestFonts/Test desktop fonts (OTF)/Test National 2 Collection/Test National 2 Compressed";
			sourceTree = "<group>";
		};
/* End PBXGroup section */

/* Begin PBXNativeTarget section */
		196DA5AA2AC1C61F007960F9 /* MovieFinder */ = {
			isa = PBXNativeTarget;
			buildConfigurationList = 196DA5CF2AC1C620007960F9 /* Build configuration list for PBXNativeTarget "MovieFinder" */;
			buildPhases = (
				196DA5A72AC1C61F007960F9 /* Sources */,
				196DA5A82AC1C61F007960F9 /* Frameworks */,
				196DA5A92AC1C61F007960F9 /* Resources */,
			);
			buildRules = (
			);
			dependencies = (
			);
			name = MovieFinder;
			packageProductDependencies = (
				196DA5DA2AC1C66A007960F9 /* TMDb */,
				19C7D0822AC1F20B0006E959 /* SkeletonUI */,
				198D959B2AC238F80068A35E /* CachedAsyncImage */,
				198D95A62AC3017D0068A35E /* Factory */,
			);
			productName = MovieFinder;
			productReference = 196DA5AB2AC1C61F007960F9 /* MovieFinder.app */;
			productType = "com.apple.product-type.application";
		};
		196DA5BA2AC1C620007960F9 /* MovieFinderTests */ = {
			isa = PBXNativeTarget;
			buildConfigurationList = 196DA5D22AC1C620007960F9 /* Build configuration list for PBXNativeTarget "MovieFinderTests" */;
			buildPhases = (
				196DA5B72AC1C620007960F9 /* Sources */,
				196DA5B82AC1C620007960F9 /* Frameworks */,
				196DA5B92AC1C620007960F9 /* Resources */,
			);
			buildRules = (
			);
			dependencies = (
				196DA5BD2AC1C620007960F9 /* PBXTargetDependency */,
			);
			name = MovieFinderTests;
			productName = MovieFinderTests;
			productReference = 196DA5BB2AC1C620007960F9 /* MovieFinderTests.xctest */;
			productType = "com.apple.product-type.bundle.unit-test";
		};
		196DA5C42AC1C620007960F9 /* MovieFinderUITests */ = {
			isa = PBXNativeTarget;
			buildConfigurationList = 196DA5D52AC1C620007960F9 /* Build configuration list for PBXNativeTarget "MovieFinderUITests" */;
			buildPhases = (
				196DA5C12AC1C620007960F9 /* Sources */,
				196DA5C22AC1C620007960F9 /* Frameworks */,
				196DA5C32AC1C620007960F9 /* Resources */,
			);
			buildRules = (
			);
			dependencies = (
				196DA5C72AC1C620007960F9 /* PBXTargetDependency */,
			);
			name = MovieFinderUITests;
			productName = MovieFinderUITests;
			productReference = 196DA5C52AC1C620007960F9 /* MovieFinderUITests.xctest */;
			productType = "com.apple.product-type.bundle.ui-testing";
		};
/* End PBXNativeTarget section */

/* Begin PBXProject section */
		196DA5A32AC1C61F007960F9 /* Project object */ = {
			isa = PBXProject;
			attributes = {
				BuildIndependentTargetsInParallel = 1;
				LastSwiftUpdateCheck = 1430;
				LastUpgradeCheck = 1430;
				TargetAttributes = {
					196DA5AA2AC1C61F007960F9 = {
						CreatedOnToolsVersion = 14.3;
					};
					196DA5BA2AC1C620007960F9 = {
						CreatedOnToolsVersion = 14.3;
						TestTargetID = 196DA5AA2AC1C61F007960F9;
					};
					196DA5C42AC1C620007960F9 = {
						CreatedOnToolsVersion = 14.3;
						TestTargetID = 196DA5AA2AC1C61F007960F9;
					};
				};
			};
			buildConfigurationList = 196DA5A62AC1C61F007960F9 /* Build configuration list for PBXProject "MovieFinder" */;
			compatibilityVersion = "Xcode 14.0";
			developmentRegion = en;
			hasScannedForEncodings = 0;
			knownRegions = (
				en,
				Base,
			);
			mainGroup = 196DA5A22AC1C61F007960F9;
			packageReferences = (
				196DA5D92AC1C66A007960F9 /* XCRemoteSwiftPackageReference "TMDb" */,
				19C7D0812AC1F20B0006E959 /* XCRemoteSwiftPackageReference "SkeletonUI" */,
				198D959A2AC238F80068A35E /* XCRemoteSwiftPackageReference "swiftui-cached-async-image" */,
				198D95A52AC3017D0068A35E /* XCRemoteSwiftPackageReference "Factory" */,
			);
			productRefGroup = 196DA5AC2AC1C61F007960F9 /* Products */;
			projectDirPath = "";
			projectRoot = "";
			targets = (
				196DA5AA2AC1C61F007960F9 /* MovieFinder */,
				196DA5BA2AC1C620007960F9 /* MovieFinderTests */,
				196DA5C42AC1C620007960F9 /* MovieFinderUITests */,
			);
		};
/* End PBXProject section */

/* Begin PBXResourcesBuildPhase section */
		196DA5A92AC1C61F007960F9 /* Resources */ = {
			isa = PBXResourcesBuildPhase;
			buildActionMask = 2147483647;
			files = (
				19D99C4D2AC1FA0C0099EE0C /* TestNational2Compressed-Thin.otf in Resources */,
				19D99C482AC1FA0C0099EE0C /* TestNational2Compressed-Light.otf in Resources */,
				19D99C432AC1FA0C0099EE0C /* TestNational2Compressed-ThinItalic.otf in Resources */,
				19D99C502AC1FA0C0099EE0C /* TestNational2Compressed-ExtralightItalic.otf in Resources */,
				19D99C4A2AC1FA0C0099EE0C /* TestNational2Compressed-LightItalic.otf in Resources */,
				19D99C472AC1FA0C0099EE0C /* TestNational2Compressed-MediumItalic.otf in Resources */,
				19D99C4C2AC1FA0C0099EE0C /* TestNational2Compressed-Medium.otf in Resources */,
				19D99C442AC1FA0C0099EE0C /* TestNational2Compressed-Extralight.otf in Resources */,
				196DA5B62AC1C620007960F9 /* Preview Assets.xcassets in Resources */,
				19D99C4B2AC1FA0C0099EE0C /* TestNational2Compressed-BlackItalic.otf in Resources */,
				19D99C492AC1FA0C0099EE0C /* TestNational2Compressed-Black.otf in Resources */,
				19D99C412AC1FA0C0099EE0C /* TestNational2Compressed-Regular.otf in Resources */,
				19D99C4E2AC1FA0C0099EE0C /* TestNational2Compressed-Extrabold.otf in Resources */,
				196DA5B32AC1C620007960F9 /* Assets.xcassets in Resources */,
				19CFF7572B701BDD002FFB0D /* APIKey.json in Resources */,
				19D99C4F2AC1FA0C0099EE0C /* TestNational2Compressed-Bold.otf in Resources */,
				19D99C422AC1FA0C0099EE0C /* TestNational2Compressed-ExtraboldItalic.otf in Resources */,
				19D99C462AC1FA0C0099EE0C /* TestNational2Compressed-BoldItalic.otf in Resources */,
				19D99C452AC1FA0C0099EE0C /* TestNational2Compressed-RegularItalic.otf in Resources */,
			);
			runOnlyForDeploymentPostprocessing = 0;
		};
		196DA5B92AC1C620007960F9 /* Resources */ = {
			isa = PBXResourcesBuildPhase;
			buildActionMask = 2147483647;
			files = (
			);
			runOnlyForDeploymentPostprocessing = 0;
		};
		196DA5C32AC1C620007960F9 /* Resources */ = {
			isa = PBXResourcesBuildPhase;
			buildActionMask = 2147483647;
			files = (
			);
			runOnlyForDeploymentPostprocessing = 0;
		};
/* End PBXResourcesBuildPhase section */

/* Begin PBXSourcesBuildPhase section */
		196DA5A72AC1C61F007960F9 /* Sources */ = {
			isa = PBXSourcesBuildPhase;
			buildActionMask = 2147483647;
			files = (
				198D95AD2AC309E00068A35E /* FavoritesService.swift in Sources */,
				196DA5E72AC1DF92007960F9 /* MovieCell.swift in Sources */,
				196DA5E22AC1CA92007960F9 /* Home.swift in Sources */,
				196DA5E02AC1C70A007960F9 /* TMDbAdapter.swift in Sources */,
				198D958B2AC219F40068A35E /* OffsetModifier.swift in Sources */,
				198D95972AC235B30068A35E /* LoadingErrorView.swift in Sources */,
				196DA5DE2AC1C6D3007960F9 /* MovieAPI.swift in Sources */,
				198D957F2AC208900068A35E /* BarView.swift in Sources */,
				198D95A92AC301980068A35E /* Factory+Extensions.swift in Sources */,
				198D958C2AC219F40068A35E /* MovieDetail.swift in Sources */,
				198D95912AC22AF10068A35E /* Color+Extensions.swift in Sources */,
				196DA5AF2AC1C61F007960F9 /* MovieFinderApp.swift in Sources */,
				198D95AF2AC3401B0068A35E /* FavoritesViewModel.swift in Sources */,
				198D95AB2AC306FA0068A35E /* ReviewModel.swift in Sources */,
				196DA5E52AC1DAEB007960F9 /* Movie.swift in Sources */,
				19D99C2F2AC1F5B20099EE0C /* DetailSections.swift in Sources */,
				198D95952AC233C80068A35E /* ItemLoader.swift in Sources */,
			);
			runOnlyForDeploymentPostprocessing = 0;
		};
		196DA5B72AC1C620007960F9 /* Sources */ = {
			isa = PBXSourcesBuildPhase;
			buildActionMask = 2147483647;
			files = (
				196DA5C02AC1C620007960F9 /* MovieFinderTests.swift in Sources */,
			);
			runOnlyForDeploymentPostprocessing = 0;
		};
		196DA5C12AC1C620007960F9 /* Sources */ = {
			isa = PBXSourcesBuildPhase;
			buildActionMask = 2147483647;
			files = (
				196DA5CA2AC1C620007960F9 /* MovieFinderUITests.swift in Sources */,
				196DA5CC2AC1C620007960F9 /* MovieFinderUITestsLaunchTests.swift in Sources */,
			);
			runOnlyForDeploymentPostprocessing = 0;
		};
/* End PBXSourcesBuildPhase section */

/* Begin PBXTargetDependency section */
		196DA5BD2AC1C620007960F9 /* PBXTargetDependency */ = {
			isa = PBXTargetDependency;
			target = 196DA5AA2AC1C61F007960F9 /* MovieFinder */;
			targetProxy = 196DA5BC2AC1C620007960F9 /* PBXContainerItemProxy */;
		};
		196DA5C72AC1C620007960F9 /* PBXTargetDependency */ = {
			isa = PBXTargetDependency;
			target = 196DA5AA2AC1C61F007960F9 /* MovieFinder */;
			targetProxy = 196DA5C62AC1C620007960F9 /* PBXContainerItemProxy */;
		};
/* End PBXTargetDependency section */

/* Begin XCBuildConfiguration section */
		196DA5CD2AC1C620007960F9 /* Debug */ = {
			isa = XCBuildConfiguration;
			buildSettings = {
				ALWAYS_SEARCH_USER_PATHS = NO;
				CLANG_ANALYZER_NONNULL = YES;
				CLANG_ANALYZER_NUMBER_OBJECT_CONVERSION = YES_AGGRESSIVE;
				CLANG_CXX_LANGUAGE_STANDARD = "gnu++20";
				CLANG_ENABLE_MODULES = YES;
				CLANG_ENABLE_OBJC_ARC = YES;
				CLANG_ENABLE_OBJC_WEAK = YES;
				CLANG_WARN_BLOCK_CAPTURE_AUTORELEASING = YES;
				CLANG_WARN_BOOL_CONVERSION = YES;
				CLANG_WARN_COMMA = YES;
				CLANG_WARN_CONSTANT_CONVERSION = YES;
				CLANG_WARN_DEPRECATED_OBJC_IMPLEMENTATIONS = YES;
				CLANG_WARN_DIRECT_OBJC_ISA_USAGE = YES_ERROR;
				CLANG_WARN_DOCUMENTATION_COMMENTS = YES;
				CLANG_WARN_EMPTY_BODY = YES;
				CLANG_WARN_ENUM_CONVERSION = YES;
				CLANG_WARN_INFINITE_RECURSION = YES;
				CLANG_WARN_INT_CONVERSION = YES;
				CLANG_WARN_NON_LITERAL_NULL_CONVERSION = YES;
				CLANG_WARN_OBJC_IMPLICIT_RETAIN_SELF = YES;
				CLANG_WARN_OBJC_LITERAL_CONVERSION = YES;
				CLANG_WARN_OBJC_ROOT_CLASS = YES_ERROR;
				CLANG_WARN_QUOTED_INCLUDE_IN_FRAMEWORK_HEADER = YES;
				CLANG_WARN_RANGE_LOOP_ANALYSIS = YES;
				CLANG_WARN_STRICT_PROTOTYPES = YES;
				CLANG_WARN_SUSPICIOUS_MOVE = YES;
				CLANG_WARN_UNGUARDED_AVAILABILITY = YES_AGGRESSIVE;
				CLANG_WARN_UNREACHABLE_CODE = YES;
				CLANG_WARN__DUPLICATE_METHOD_MATCH = YES;
				COPY_PHASE_STRIP = NO;
				DEBUG_INFORMATION_FORMAT = dwarf;
				ENABLE_STRICT_OBJC_MSGSEND = YES;
				ENABLE_TESTABILITY = YES;
				GCC_C_LANGUAGE_STANDARD = gnu11;
				GCC_DYNAMIC_NO_PIC = NO;
				GCC_NO_COMMON_BLOCKS = YES;
				GCC_OPTIMIZATION_LEVEL = 0;
				GCC_PREPROCESSOR_DEFINITIONS = (
					"DEBUG=1",
					"$(inherited)",
				);
				GCC_WARN_64_TO_32_BIT_CONVERSION = YES;
				GCC_WARN_ABOUT_RETURN_TYPE = YES_ERROR;
				GCC_WARN_UNDECLARED_SELECTOR = YES;
				GCC_WARN_UNINITIALIZED_AUTOS = YES_AGGRESSIVE;
				GCC_WARN_UNUSED_FUNCTION = YES;
				GCC_WARN_UNUSED_VARIABLE = YES;
				IPHONEOS_DEPLOYMENT_TARGET = 16.4;
				MTL_ENABLE_DEBUG_INFO = INCLUDE_SOURCE;
				MTL_FAST_MATH = YES;
				ONLY_ACTIVE_ARCH = YES;
				SDKROOT = iphoneos;
				SWIFT_ACTIVE_COMPILATION_CONDITIONS = DEBUG;
				SWIFT_OPTIMIZATION_LEVEL = "-Onone";
			};
			name = Debug;
		};
		196DA5CE2AC1C620007960F9 /* Release */ = {
			isa = XCBuildConfiguration;
			buildSettings = {
				ALWAYS_SEARCH_USER_PATHS = NO;
				CLANG_ANALYZER_NONNULL = YES;
				CLANG_ANALYZER_NUMBER_OBJECT_CONVERSION = YES_AGGRESSIVE;
				CLANG_CXX_LANGUAGE_STANDARD = "gnu++20";
				CLANG_ENABLE_MODULES = YES;
				CLANG_ENABLE_OBJC_ARC = YES;
				CLANG_ENABLE_OBJC_WEAK = YES;
				CLANG_WARN_BLOCK_CAPTURE_AUTORELEASING = YES;
				CLANG_WARN_BOOL_CONVERSION = YES;
				CLANG_WARN_COMMA = YES;
				CLANG_WARN_CONSTANT_CONVERSION = YES;
				CLANG_WARN_DEPRECATED_OBJC_IMPLEMENTATIONS = YES;
				CLANG_WARN_DIRECT_OBJC_ISA_USAGE = YES_ERROR;
				CLANG_WARN_DOCUMENTATION_COMMENTS = YES;
				CLANG_WARN_EMPTY_BODY = YES;
				CLANG_WARN_ENUM_CONVERSION = YES;
				CLANG_WARN_INFINITE_RECURSION = YES;
				CLANG_WARN_INT_CONVERSION = YES;
				CLANG_WARN_NON_LITERAL_NULL_CONVERSION = YES;
				CLANG_WARN_OBJC_IMPLICIT_RETAIN_SELF = YES;
				CLANG_WARN_OBJC_LITERAL_CONVERSION = YES;
				CLANG_WARN_OBJC_ROOT_CLASS = YES_ERROR;
				CLANG_WARN_QUOTED_INCLUDE_IN_FRAMEWORK_HEADER = YES;
				CLANG_WARN_RANGE_LOOP_ANALYSIS = YES;
				CLANG_WARN_STRICT_PROTOTYPES = YES;
				CLANG_WARN_SUSPICIOUS_MOVE = YES;
				CLANG_WARN_UNGUARDED_AVAILABILITY = YES_AGGRESSIVE;
				CLANG_WARN_UNREACHABLE_CODE = YES;
				CLANG_WARN__DUPLICATE_METHOD_MATCH = YES;
				COPY_PHASE_STRIP = NO;
				DEBUG_INFORMATION_FORMAT = "dwarf-with-dsym";
				ENABLE_NS_ASSERTIONS = NO;
				ENABLE_STRICT_OBJC_MSGSEND = YES;
				GCC_C_LANGUAGE_STANDARD = gnu11;
				GCC_NO_COMMON_BLOCKS = YES;
				GCC_WARN_64_TO_32_BIT_CONVERSION = YES;
				GCC_WARN_ABOUT_RETURN_TYPE = YES_ERROR;
				GCC_WARN_UNDECLARED_SELECTOR = YES;
				GCC_WARN_UNINITIALIZED_AUTOS = YES_AGGRESSIVE;
				GCC_WARN_UNUSED_FUNCTION = YES;
				GCC_WARN_UNUSED_VARIABLE = YES;
				IPHONEOS_DEPLOYMENT_TARGET = 16.4;
				MTL_ENABLE_DEBUG_INFO = NO;
				MTL_FAST_MATH = YES;
				SDKROOT = iphoneos;
				SWIFT_COMPILATION_MODE = wholemodule;
				SWIFT_OPTIMIZATION_LEVEL = "-O";
				VALIDATE_PRODUCT = YES;
			};
			name = Release;
		};
		196DA5D02AC1C620007960F9 /* Debug */ = {
			isa = XCBuildConfiguration;
			buildSettings = {
				ASSETCATALOG_COMPILER_APPICON_NAME = AppIcon;
				ASSETCATALOG_COMPILER_GLOBAL_ACCENT_COLOR_NAME = AccentColor;
				CODE_SIGN_STYLE = Automatic;
				CURRENT_PROJECT_VERSION = 1;
				DEVELOPMENT_ASSET_PATHS = "\"MovieFinder/Preview Content\"";
				DEVELOPMENT_TEAM = T4B8NY976S;
				ENABLE_PREVIEWS = YES;
				GENERATE_INFOPLIST_FILE = YES;
				INFOPLIST_FILE = MovieFinder/Info.plist;
				INFOPLIST_KEY_LSApplicationCategoryType = "";
				INFOPLIST_KEY_UIApplicationSceneManifest_Generation = YES;
				INFOPLIST_KEY_UIApplicationSupportsIndirectInputEvents = YES;
				INFOPLIST_KEY_UILaunchScreen_Generation = YES;
				INFOPLIST_KEY_UISupportedInterfaceOrientations_iPad = "UIInterfaceOrientationPortrait UIInterfaceOrientationPortraitUpsideDown UIInterfaceOrientationLandscapeLeft UIInterfaceOrientationLandscapeRight";
				INFOPLIST_KEY_UISupportedInterfaceOrientations_iPhone = "UIInterfaceOrientationPortrait UIInterfaceOrientationLandscapeLeft UIInterfaceOrientationLandscapeRight";
				LD_RUNPATH_SEARCH_PATHS = (
					"$(inherited)",
					"@executable_path/Frameworks",
				);
				MARKETING_VERSION = 1.0;
				PRODUCT_BUNDLE_IDENTIFIER = none.MovieFinder;
				PRODUCT_NAME = "$(TARGET_NAME)";
				SWIFT_EMIT_LOC_STRINGS = YES;
				SWIFT_VERSION = 5.0;
				TARGETED_DEVICE_FAMILY = "1,2";
			};
			name = Debug;
		};
		196DA5D12AC1C620007960F9 /* Release */ = {
			isa = XCBuildConfiguration;
			buildSettings = {
				ASSETCATALOG_COMPILER_APPICON_NAME = AppIcon;
				ASSETCATALOG_COMPILER_GLOBAL_ACCENT_COLOR_NAME = AccentColor;
				CODE_SIGN_STYLE = Automatic;
				CURRENT_PROJECT_VERSION = 1;
				DEVELOPMENT_ASSET_PATHS = "\"MovieFinder/Preview Content\"";
				DEVELOPMENT_TEAM = T4B8NY976S;
				ENABLE_PREVIEWS = YES;
				GENERATE_INFOPLIST_FILE = YES;
				INFOPLIST_FILE = MovieFinder/Info.plist;
				INFOPLIST_KEY_LSApplicationCategoryType = "";
				INFOPLIST_KEY_UIApplicationSceneManifest_Generation = YES;
				INFOPLIST_KEY_UIApplicationSupportsIndirectInputEvents = YES;
				INFOPLIST_KEY_UILaunchScreen_Generation = YES;
				INFOPLIST_KEY_UISupportedInterfaceOrientations_iPad = "UIInterfaceOrientationPortrait UIInterfaceOrientationPortraitUpsideDown UIInterfaceOrientationLandscapeLeft UIInterfaceOrientationLandscapeRight";
				INFOPLIST_KEY_UISupportedInterfaceOrientations_iPhone = "UIInterfaceOrientationPortrait UIInterfaceOrientationLandscapeLeft UIInterfaceOrientationLandscapeRight";
				LD_RUNPATH_SEARCH_PATHS = (
					"$(inherited)",
					"@executable_path/Frameworks",
				);
				MARKETING_VERSION = 1.0;
				PRODUCT_BUNDLE_IDENTIFIER = none.MovieFinder;
				PRODUCT_NAME = "$(TARGET_NAME)";
				SWIFT_EMIT_LOC_STRINGS = YES;
				SWIFT_VERSION = 5.0;
				TARGETED_DEVICE_FAMILY = "1,2";
			};
			name = Release;
		};
		196DA5D32AC1C620007960F9 /* Debug */ = {
			isa = XCBuildConfiguration;
			buildSettings = {
				ALWAYS_EMBED_SWIFT_STANDARD_LIBRARIES = YES;
				BUNDLE_LOADER = "$(TEST_HOST)";
				CODE_SIGN_STYLE = Automatic;
				CURRENT_PROJECT_VERSION = 1;
				DEVELOPMENT_TEAM = T4B8NY976S;
				GENERATE_INFOPLIST_FILE = YES;
				IPHONEOS_DEPLOYMENT_TARGET = 16.4;
				MARKETING_VERSION = 1.0;
				PRODUCT_BUNDLE_IDENTIFIER = none.MovieFinderTests;
				PRODUCT_NAME = "$(TARGET_NAME)";
				SWIFT_EMIT_LOC_STRINGS = NO;
				SWIFT_VERSION = 5.0;
				TARGETED_DEVICE_FAMILY = "1,2";
				TEST_HOST = "$(BUILT_PRODUCTS_DIR)/MovieFinder.app/$(BUNDLE_EXECUTABLE_FOLDER_PATH)/MovieFinder";
			};
			name = Debug;
		};
		196DA5D42AC1C620007960F9 /* Release */ = {
			isa = XCBuildConfiguration;
			buildSettings = {
				ALWAYS_EMBED_SWIFT_STANDARD_LIBRARIES = YES;
				BUNDLE_LOADER = "$(TEST_HOST)";
				CODE_SIGN_STYLE = Automatic;
				CURRENT_PROJECT_VERSION = 1;
				DEVELOPMENT_TEAM = T4B8NY976S;
				GENERATE_INFOPLIST_FILE = YES;
				IPHONEOS_DEPLOYMENT_TARGET = 16.4;
				MARKETING_VERSION = 1.0;
				PRODUCT_BUNDLE_IDENTIFIER = none.MovieFinderTests;
				PRODUCT_NAME = "$(TARGET_NAME)";
				SWIFT_EMIT_LOC_STRINGS = NO;
				SWIFT_VERSION = 5.0;
				TARGETED_DEVICE_FAMILY = "1,2";
				TEST_HOST = "$(BUILT_PRODUCTS_DIR)/MovieFinder.app/$(BUNDLE_EXECUTABLE_FOLDER_PATH)/MovieFinder";
			};
			name = Release;
		};
		196DA5D62AC1C620007960F9 /* Debug */ = {
			isa = XCBuildConfiguration;
			buildSettings = {
				ALWAYS_EMBED_SWIFT_STANDARD_LIBRARIES = YES;
				CODE_SIGN_STYLE = Automatic;
				CURRENT_PROJECT_VERSION = 1;
				DEVELOPMENT_TEAM = T4B8NY976S;
				GENERATE_INFOPLIST_FILE = YES;
				MARKETING_VERSION = 1.0;
				PRODUCT_BUNDLE_IDENTIFIER = none.MovieFinderUITests;
				PRODUCT_NAME = "$(TARGET_NAME)";
				SWIFT_EMIT_LOC_STRINGS = NO;
				SWIFT_VERSION = 5.0;
				TARGETED_DEVICE_FAMILY = "1,2";
				TEST_TARGET_NAME = MovieFinder;
			};
			name = Debug;
		};
		196DA5D72AC1C620007960F9 /* Release */ = {
			isa = XCBuildConfiguration;
			buildSettings = {
				ALWAYS_EMBED_SWIFT_STANDARD_LIBRARIES = YES;
				CODE_SIGN_STYLE = Automatic;
				CURRENT_PROJECT_VERSION = 1;
				DEVELOPMENT_TEAM = T4B8NY976S;
				GENERATE_INFOPLIST_FILE = YES;
				MARKETING_VERSION = 1.0;
				PRODUCT_BUNDLE_IDENTIFIER = none.MovieFinderUITests;
				PRODUCT_NAME = "$(TARGET_NAME)";
				SWIFT_EMIT_LOC_STRINGS = NO;
				SWIFT_VERSION = 5.0;
				TARGETED_DEVICE_FAMILY = "1,2";
				TEST_TARGET_NAME = MovieFinder;
			};
			name = Release;
		};
/* End XCBuildConfiguration section */

/* Begin XCConfigurationList section */
		196DA5A62AC1C61F007960F9 /* Build configuration list for PBXProject "MovieFinder" */ = {
			isa = XCConfigurationList;
			buildConfigurations = (
				196DA5CD2AC1C620007960F9 /* Debug */,
				196DA5CE2AC1C620007960F9 /* Release */,
			);
			defaultConfigurationIsVisible = 0;
			defaultConfigurationName = Release;
		};
		196DA5CF2AC1C620007960F9 /* Build configuration list for PBXNativeTarget "MovieFinder" */ = {
			isa = XCConfigurationList;
			buildConfigurations = (
				196DA5D02AC1C620007960F9 /* Debug */,
				196DA5D12AC1C620007960F9 /* Release */,
			);
			defaultConfigurationIsVisible = 0;
			defaultConfigurationName = Release;
		};
		196DA5D22AC1C620007960F9 /* Build configuration list for PBXNativeTarget "MovieFinderTests" */ = {
			isa = XCConfigurationList;
			buildConfigurations = (
				196DA5D32AC1C620007960F9 /* Debug */,
				196DA5D42AC1C620007960F9 /* Release */,
			);
			defaultConfigurationIsVisible = 0;
			defaultConfigurationName = Release;
		};
		196DA5D52AC1C620007960F9 /* Build configuration list for PBXNativeTarget "MovieFinderUITests" */ = {
			isa = XCConfigurationList;
			buildConfigurations = (
				196DA5D62AC1C620007960F9 /* Debug */,
				196DA5D72AC1C620007960F9 /* Release */,
			);
			defaultConfigurationIsVisible = 0;
			defaultConfigurationName = Release;
		};
/* End XCConfigurationList section */

/* Begin XCRemoteSwiftPackageReference section */
		196DA5D92AC1C66A007960F9 /* XCRemoteSwiftPackageReference "TMDb" */ = {
			isa = XCRemoteSwiftPackageReference;
			repositoryURL = "https://github.com/adamayoung/TMDb";
			requirement = {
				kind = upToNextMajorVersion;
				minimumVersion = 9.0.0;
			};
		};
		198D959A2AC238F80068A35E /* XCRemoteSwiftPackageReference "swiftui-cached-async-image" */ = {
			isa = XCRemoteSwiftPackageReference;
			repositoryURL = "https://github.com/lorenzofiamingo/swiftui-cached-async-image";
			requirement = {
				kind = upToNextMajorVersion;
				minimumVersion = 2.0.0;
			};
		};
		198D95A52AC3017D0068A35E /* XCRemoteSwiftPackageReference "Factory" */ = {
			isa = XCRemoteSwiftPackageReference;
			repositoryURL = "https://github.com/hmlongco/Factory";
			requirement = {
				kind = upToNextMajorVersion;
				minimumVersion = 2.0.0;
			};
		};
		19C7D0812AC1F20B0006E959 /* XCRemoteSwiftPackageReference "SkeletonUI" */ = {
			isa = XCRemoteSwiftPackageReference;
			repositoryURL = "https://github.com/CSolanaM/SkeletonUI";
			requirement = {
				kind = upToNextMajorVersion;
				minimumVersion = 2.0.0;
			};
		};
/* End XCRemoteSwiftPackageReference section */

/* Begin XCSwiftPackageProductDependency section */
		196DA5DA2AC1C66A007960F9 /* TMDb */ = {
			isa = XCSwiftPackageProductDependency;
			package = 196DA5D92AC1C66A007960F9 /* XCRemoteSwiftPackageReference "TMDb" */;
			productName = TMDb;
		};
		198D959B2AC238F80068A35E /* CachedAsyncImage */ = {
			isa = XCSwiftPackageProductDependency;
			package = 198D959A2AC238F80068A35E /* XCRemoteSwiftPackageReference "swiftui-cached-async-image" */;
			productName = CachedAsyncImage;
		};
		198D95A62AC3017D0068A35E /* Factory */ = {
			isa = XCSwiftPackageProductDependency;
			package = 198D95A52AC3017D0068A35E /* XCRemoteSwiftPackageReference "Factory" */;
			productName = Factory;
		};
		19C7D0822AC1F20B0006E959 /* SkeletonUI */ = {
			isa = XCSwiftPackageProductDependency;
			package = 19C7D0812AC1F20B0006E959 /* XCRemoteSwiftPackageReference "SkeletonUI" */;
			productName = SkeletonUI;
		};
/* End XCSwiftPackageProductDependency section */
	};
	rootObject = 196DA5A32AC1C61F007960F9 /* Project object */;
}
